
Microsoft Visual Studio Solution File, Format Version 12.00
# Visual Studio Version 16
VisualStudioVersion = 16.0.30223.230
MinimumVisualStudioVersion = 10.0.40219.1
Project("{9A19103F-16F7-4668-BE54-9A1E7A4F7556}") = "BuildNRun", "BuildNRun\BuildNRun.csproj", "{F521D6D2-B48A-4F45-A93C-1C23B6A70651}"
EndProject
Global
	GlobalSection(SolutionConfigurationPlatforms) = preSolution
		Debug|Any CPU = Debug|Any CPU
		Release|Any CPU = Release|Any CPU
	EndGlobalSection
	GlobalSection(ProjectConfigurationPlatforms) = postSolution
		{F521D6D2-B48A-4F45-A93C-1C23B6A70651}.Debug|Any CPU.ActiveCfg = Debug|Any CPU
		{F521D6D2-B48A-4F45-A93C-1C23B6A70651}.Debug|Any CPU.Build.0 = Debug|Any CPU
		{F521D6D2-B48A-4F45-A93C-1C23B6A70651}.Release|Any CPU.ActiveCfg = Release|Any CPU
		{F521D6D2-B48A-4F45-A93C-1C23B6A70651}.Release|Any CPU.Build.0 = Release|Any CPU
	EndGlobalSection
	GlobalSection(SolutionProperties) = preSolution
		HideSolutionNode = FALSE
	EndGlobalSection
	GlobalSection(ExtensibilityGlobals) = postSolution
		SolutionGuid = {9E6842E7-3F0D-44AC-8B67-2CB74228E62B}
	EndGlobalSection
EndGlobal
